
Microsoft Visual Studio Solution File, Format Version 12.00
# Visual Studio 15
VisualStudioVersion = 15.0.26730.16
MinimumVisualStudioVersion = 10.0.40219.1
Project("{FAE04EC0-301F-11D3-BF4B-00C04F79EFBC}") = "LaunchDarkly.CommonSdk", "src\LaunchDarkly.CommonSdk\LaunchDarkly.CommonSdk.csproj", "{97897D61-FEDF-4ABD-AD53-F4A43D788225}"
EndProject
Project("{9A19103F-16F7-4668-BE54-9A1E7A4F7556}") = "LaunchDarkly.CommonSdk.Tests", "test\LaunchDarkly.CommonSdk.Tests\LaunchDarkly.CommonSdk.Tests.csproj", "{9F8D6033-F6C3-462B-B728-550C5172206D}"
EndProject
Project("{FAE04EC0-301F-11D3-BF4B-00C04F79EFBC}") = "LaunchDarkly.CommonSdk.JsonNet", "src\LaunchDarkly.CommonSdk.JsonNet\LaunchDarkly.CommonSdk.JsonNet.csproj", "{8BFB500A-D88B-4213-8099-3B45A2B430FA}"
EndProject
Project("{FAE04EC0-301F-11D3-BF4B-00C04F79EFBC}") = "LaunchDarkly.CommonSdk.JsonNet.Tests", "test\LaunchDarkly.CommonSdk.JsonNet.Tests\LaunchDarkly.CommonSdk.JsonNet.Tests.csproj", "{867B496F-0D48-4A85-B237-D8DC132F0673}"
EndProject
Global
	GlobalSection(SolutionConfigurationPlatforms) = preSolution
		Debug|Any CPU = Debug|Any CPU
		Release|Any CPU = Release|Any CPU
	EndGlobalSection
	GlobalSection(ProjectConfigurationPlatforms) = postSolution
		{97897D61-FEDF-4ABD-AD53-F4A43D788225}.Debug|Any CPU.ActiveCfg = Debug|Any CPU
		{97897D61-FEDF-4ABD-AD53-F4A43D788225}.Debug|Any CPU.Build.0 = Debug|Any CPU
		{97897D61-FEDF-4ABD-AD53-F4A43D788225}.Release|Any CPU.ActiveCfg = Release|Any CPU
		{97897D61-FEDF-4ABD-AD53-F4A43D788225}.Release|Any CPU.Build.0 = Release|Any CPU
		{9F8D6033-F6C3-462B-B728-550C5172206D}.Debug|Any CPU.ActiveCfg = Debug|Any CPU
		{9F8D6033-F6C3-462B-B728-550C5172206D}.Debug|Any CPU.Build.0 = Debug|Any CPU
		{9F8D6033-F6C3-462B-B728-550C5172206D}.Release|Any CPU.ActiveCfg = Release|Any CPU
		{9F8D6033-F6C3-462B-B728-550C5172206D}.Release|Any CPU.Build.0 = Release|Any CPU
		{8BFB500A-D88B-4213-8099-3B45A2B430FA}.Debug|Any CPU.ActiveCfg = Debug|Any CPU
		{8BFB500A-D88B-4213-8099-3B45A2B430FA}.Debug|Any CPU.Build.0 = Debug|Any CPU
		{8BFB500A-D88B-4213-8099-3B45A2B430FA}.Release|Any CPU.ActiveCfg = Release|Any CPU
		{8BFB500A-D88B-4213-8099-3B45A2B430FA}.Release|Any CPU.Build.0 = Release|Any CPU
		{867B496F-0D48-4A85-B237-D8DC132F0673}.Debug|Any CPU.ActiveCfg = Debug|Any CPU
		{867B496F-0D48-4A85-B237-D8DC132F0673}.Debug|Any CPU.Build.0 = Debug|Any CPU
		{867B496F-0D48-4A85-B237-D8DC132F0673}.Release|Any CPU.ActiveCfg = Release|Any CPU
		{867B496F-0D48-4A85-B237-D8DC132F0673}.Release|Any CPU.Build.0 = Release|Any CPU
	EndGlobalSection
	GlobalSection(SolutionProperties) = preSolution
		HideSolutionNode = FALSE
	EndGlobalSection
	GlobalSection(ExtensibilityGlobals) = postSolution
		SolutionGuid = {D7F58FE1-D8E9-46EB-AE7F-4B5A388418AC}
	EndGlobalSection
EndGlobal
